{
  "requires": true,
  "lockfileVersion": 1,
  "dependencies": {
    "pnpm": {
      "version": "5.18.10",
      "resolved": "https://registry.npmjs.org/pnpm/-/pnpm-5.18.10.tgz",
      "integrity": "sha512-M3oH42XqtUZv0Hnfp4A1klTFQT3/9ghBkDrPHh0GTd9nP39I14/GDjN+BiHx95hH60CigOip+oK/h389GhizeQ=="
    }
  }
}
